// !$*UTF8*$!
{
	archiveVersion = 1;
	classes = {
	};
	objectVersion = 46;
	objects = {

/* Begin PBXBuildFile section */
		9F049938196E4C41003EBE8A /* JMCalloutButton.m in Sources */ = {isa = PBXBuildFile; fileRef = 9F049937196E4C41003EBE8A /* JMCalloutButton.m */; };
		9F509066197AF55E00F5D466 /* MapKit.framework in Frameworks */ = {isa = PBXBuildFile; fileRef = 9F509065197AF55E00F5D466 /* MapKit.framework */; };
		9F509067197AF57600F5D466 /* iAd.framework in Frameworks */ = {isa = PBXBuildFile; fileRef = 9F509063197AF4DD00F5D466 /* iAd.framework */; };
		9F52C3CC196657F000D57EB1 /* Foundation.framework in Frameworks */ = {isa = PBXBuildFile; fileRef = 9F52C3CB196657F000D57EB1 /* Foundation.framework */; };
		9F52C3CE196657F000D57EB1 /* CoreGraphics.framework in Frameworks */ = {isa = PBXBuildFile; fileRef = 9F52C3CD196657F000D57EB1 /* CoreGraphics.framework */; };
		9F52C3D0196657F000D57EB1 /* UIKit.framework in Frameworks */ = {isa = PBXBuildFile; fileRef = 9F52C3CF196657F000D57EB1 /* UIKit.framework */; };
		9F52C3D6196657F000D57EB1 /* InfoPlist.strings in Resources */ = {isa = PBXBuildFile; fileRef = 9F52C3D4196657F000D57EB1 /* InfoPlist.strings */; };
		9F52C3D8196657F000D57EB1 /* main.m in Sources */ = {isa = PBXBuildFile; fileRef = 9F52C3D7196657F000D57EB1 /* main.m */; };
		9F52C3DE196657F000D57EB1 /* Images.xcassets in Resources */ = {isa = PBXBuildFile; fileRef = 9F52C3DD196657F000D57EB1 /* Images.xcassets */; };
		9F52C3E5196657F000D57EB1 /* XCTest.framework in Frameworks */ = {isa = PBXBuildFile; fileRef = 9F52C3E4196657F000D57EB1 /* XCTest.framework */; };
		9F52C3E6196657F000D57EB1 /* Foundation.framework in Frameworks */ = {isa = PBXBuildFile; fileRef = 9F52C3CB196657F000D57EB1 /* Foundation.framework */; };
		9F52C3E7196657F000D57EB1 /* UIKit.framework in Frameworks */ = {isa = PBXBuildFile; fileRef = 9F52C3CF196657F000D57EB1 /* UIKit.framework */; };
		9F52C3EF196657F000D57EB1 /* InfoPlist.strings in Resources */ = {isa = PBXBuildFile; fileRef = 9F52C3ED196657F000D57EB1 /* InfoPlist.strings */; };
		9F52C3F1196657F000D57EB1 /* NearbyTests.m in Sources */ = {isa = PBXBuildFile; fileRef = 9F52C3F0196657F000D57EB1 /* NearbyTests.m */; };
		9F52C40D1966583C00D57EB1 /* AppDelegate.m in Sources */ = {isa = PBXBuildFile; fileRef = 9F52C3FB1966583C00D57EB1 /* AppDelegate.m */; };
		9F52C40E1966583C00D57EB1 /* LocationsViewController.m in Sources */ = {isa = PBXBuildFile; fileRef = 9F52C3FD1966583C00D57EB1 /* LocationsViewController.m */; };
		9F52C40F1966583C00D57EB1 /* LocationsViewController.xib in Resources */ = {isa = PBXBuildFile; fileRef = 9F52C3FE1966583C00D57EB1 /* LocationsViewController.xib */; };
		9F52C4101966583C00D57EB1 /* NearbyLocationObjects.m in Sources */ = {isa = PBXBuildFile; fileRef = 9F52C4001966583C00D57EB1 /* NearbyLocationObjects.m */; };
		9F52C4111966583C00D57EB1 /* DetailsViewController.m in Sources */ = {isa = PBXBuildFile; fileRef = 9F52C4021966583C00D57EB1 /* DetailsViewController.m */; };
		9F52C4121966583C00D57EB1 /* DetailsViewController.xib in Resources */ = {isa = PBXBuildFile; fileRef = 9F52C4031966583C00D57EB1 /* DetailsViewController.xib */; };
		9F52C4131966583C00D57EB1 /* SettingsViewController.m in Sources */ = {isa = PBXBuildFile; fileRef = 9F52C4051966583C00D57EB1 /* SettingsViewController.m */; };
		9F52C4141966583C00D57EB1 /* SettingsViewController.xib in Resources */ = {isa = PBXBuildFile; fileRef = 9F52C4061966583C00D57EB1 /* SettingsViewController.xib */; };
		9F52C4151966583C00D57EB1 /* SpecificFiltersViewController.m in Sources */ = {isa = PBXBuildFile; fileRef = 9F52C4081966583C00D57EB1 /* SpecificFiltersViewController.m */; };
		9F52C4161966583C00D57EB1 /* SpecificFiltersViewController.xib in Resources */ = {isa = PBXBuildFile; fileRef = 9F52C4091966583C00D57EB1 /* SpecificFiltersViewController.xib */; };
		9F52C4171966583C00D57EB1 /* FullMapViewController.m in Sources */ = {isa = PBXBuildFile; fileRef = 9F52C40B1966583C00D57EB1 /* FullMapViewController.m */; };
		9F52C4181966583C00D57EB1 /* FullMapViewController.xib in Resources */ = {isa = PBXBuildFile; fileRef = 9F52C40C1966583C00D57EB1 /* FullMapViewController.xib */; };
		9F78B11B197AF633006DCDB5 /* CoreLocation.framework in Frameworks */ = {isa = PBXBuildFile; fileRef = 9F78B11A197AF633006DCDB5 /* CoreLocation.framework */; };
		9F9F9AC5196A237500543D33 /* JMAnnotationCallout.m in Sources */ = {isa = PBXBuildFile; fileRef = 9F9F9AC4196A237500543D33 /* JMAnnotationCallout.m */; };
/* End PBXBuildFile section */

/* Begin PBXContainerItemProxy section */
		9F52C3E8196657F000D57EB1 /* PBXContainerItemProxy */ = {
			isa = PBXContainerItemProxy;
			containerPortal = 9F52C3C0196657EF00D57EB1 /* Project object */;
			proxyType = 1;
			remoteGlobalIDString = 9F52C3C7196657F000D57EB1;
			remoteInfo = Nearby;
		};
/* End PBXContainerItemProxy section */

/* Begin PBXFileReference section */
		9F049936196E4C41003EBE8A /* JMCalloutButton.h */ = {isa = PBXFileReference; fileEncoding = 4; lastKnownFileType = sourcecode.c.h; name = JMCalloutButton.h; path = ../JMCalloutButton.h; sourceTree = "<group>"; };
		9F049937196E4C41003EBE8A /* JMCalloutButton.m */ = {isa = PBXFileReference; fileEncoding = 4; lastKnownFileType = sourcecode.c.objc; name = JMCalloutButton.m; path = ../JMCalloutButton.m; sourceTree = "<group>"; };
		9F509063197AF4DD00F5D466 /* iAd.framework */ = {isa = PBXFileReference; lastKnownFileType = wrapper.framework; name = iAd.framework; path = System/Library/Frameworks/iAd.framework; sourceTree = SDKROOT; };
		9F509065197AF55E00F5D466 /* MapKit.framework */ = {isa = PBXFileReference; lastKnownFileType = wrapper.framework; name = MapKit.framework; path = System/Library/Frameworks/MapKit.framework; sourceTree = SDKROOT; };
		9F52C3C8196657F000D57EB1 /* Locales.app */ = {isa = PBXFileReference; explicitFileType = wrapper.application; includeInIndex = 0; path = Locales.app; sourceTree = BUILT_PRODUCTS_DIR; };
		9F52C3CB196657F000D57EB1 /* Foundation.framework */ = {isa = PBXFileReference; lastKnownFileType = wrapper.framework; name = Foundation.framework; path = System/Library/Frameworks/Foundation.framework; sourceTree = SDKROOT; };
		9F52C3CD196657F000D57EB1 /* CoreGraphics.framework */ = {isa = PBXFileReference; lastKnownFileType = wrapper.framework; name = CoreGraphics.framework; path = System/Library/Frameworks/CoreGraphics.framework; sourceTree = SDKROOT; };
		9F52C3CF196657F000D57EB1 /* UIKit.framework */ = {isa = PBXFileReference; lastKnownFileType = wrapper.framework; name = UIKit.framework; path = System/Library/Frameworks/UIKit.framework; sourceTree = SDKROOT; };
		9F52C3D3196657F000D57EB1 /* Locales-Info.plist */ = {isa = PBXFileReference; lastKnownFileType = text.plist.xml; path = "Locales-Info.plist"; sourceTree = "<group>"; };
		9F52C3D5196657F000D57EB1 /* en */ = {isa = PBXFileReference; lastKnownFileType = text.plist.strings; name = en; path = en.lproj/InfoPlist.strings; sourceTree = "<group>"; };
		9F52C3D7196657F000D57EB1 /* main.m */ = {isa = PBXFileReference; lastKnownFileType = sourcecode.c.objc; path = main.m; sourceTree = "<group>"; };
		9F52C3D9196657F000D57EB1 /* Locales-Prefix.pch */ = {isa = PBXFileReference; lastKnownFileType = sourcecode.c.h; path = "Locales-Prefix.pch"; sourceTree = "<group>"; };
		9F52C3DD196657F000D57EB1 /* Images.xcassets */ = {isa = PBXFileReference; lastKnownFileType = folder.assetcatalog; path = Images.xcassets; sourceTree = "<group>"; };
		9F52C3E3196657F000D57EB1 /* LocalesTests.xctest */ = {isa = PBXFileReference; explicitFileType = wrapper.cfbundle; includeInIndex = 0; path = LocalesTests.xctest; sourceTree = BUILT_PRODUCTS_DIR; };
		9F52C3E4196657F000D57EB1 /* XCTest.framework */ = {isa = PBXFileReference; lastKnownFileType = wrapper.framework; name = XCTest.framework; path = Library/Frameworks/XCTest.framework; sourceTree = DEVELOPER_DIR; };
		9F52C3EC196657F000D57EB1 /* NearbyTests-Info.plist */ = {isa = PBXFileReference; lastKnownFileType = text.plist.xml; path = "NearbyTests-Info.plist"; sourceTree = "<group>"; };
		9F52C3EE196657F000D57EB1 /* en */ = {isa = PBXFileReference; lastKnownFileType = text.plist.strings; name = en; path = en.lproj/InfoPlist.strings; sourceTree = "<group>"; };
		9F52C3F0196657F000D57EB1 /* NearbyTests.m */ = {isa = PBXFileReference; lastKnownFileType = sourcecode.c.objc; path = NearbyTests.m; sourceTree = "<group>"; };
		9F52C3FA1966583C00D57EB1 /* AppDelegate.h */ = {isa = PBXFileReference; fileEncoding = 4; lastKnownFileType = sourcecode.c.h; path = AppDelegate.h; sourceTree = "<group>"; };
		9F52C3FB1966583C00D57EB1 /* AppDelegate.m */ = {isa = PBXFileReference; fileEncoding = 4; lastKnownFileType = sourcecode.c.objc; path = AppDelegate.m; sourceTree = "<group>"; };
		9F52C3FC1966583C00D57EB1 /* LocationsViewController.h */ = {isa = PBXFileReference; fileEncoding = 4; lastKnownFileType = sourcecode.c.h; path = LocationsViewController.h; sourceTree = "<group>"; };
		9F52C3FD1966583C00D57EB1 /* LocationsViewController.m */ = {isa = PBXFileReference; fileEncoding = 4; lastKnownFileType = sourcecode.c.objc; path = LocationsViewController.m; sourceTree = "<group>"; };
		9F52C3FE1966583C00D57EB1 /* LocationsViewController.xib */ = {isa = PBXFileReference; fileEncoding = 4; lastKnownFileType = file.xib; path = LocationsViewController.xib; sourceTree = "<group>"; };
		9F52C3FF1966583C00D57EB1 /* NearbyLocationObjects.h */ = {isa = PBXFileReference; fileEncoding = 4; lastKnownFileType = sourcecode.c.h; path = NearbyLocationObjects.h; sourceTree = "<group>"; };
		9F52C4001966583C00D57EB1 /* NearbyLocationObjects.m */ = {isa = PBXFileReference; fileEncoding = 4; lastKnownFileType = sourcecode.c.objc; path = NearbyLocationObjects.m; sourceTree = "<group>"; };
		9F52C4011966583C00D57EB1 /* DetailsViewController.h */ = {isa = PBXFileReference; fileEncoding = 4; lastKnownFileType = sourcecode.c.h; path = DetailsViewController.h; sourceTree = "<group>"; };
		9F52C4021966583C00D57EB1 /* DetailsViewController.m */ = {isa = PBXFileReference; fileEncoding = 4; lastKnownFileType = sourcecode.c.objc; path = DetailsViewController.m; sourceTree = "<group>"; };
		9F52C4031966583C00D57EB1 /* DetailsViewController.xib */ = {isa = PBXFileReference; fileEncoding = 4; lastKnownFileType = file.xib; path = DetailsViewController.xib; sourceTree = "<group>"; };
		9F52C4041966583C00D57EB1 /* SettingsViewController.h */ = {isa = PBXFileReference; fileEncoding = 4; lastKnownFileType = sourcecode.c.h; path = SettingsViewController.h; sourceTree = "<group>"; };
		9F52C4051966583C00D57EB1 /* SettingsViewController.m */ = {isa = PBXFileReference; fileEncoding = 4; lastKnownFileType = sourcecode.c.objc; path = SettingsViewController.m; sourceTree = "<group>"; };
		9F52C4061966583C00D57EB1 /* SettingsViewController.xib */ = {isa = PBXFileReference; fileEncoding = 4; lastKnownFileType = file.xib; path = SettingsViewController.xib; sourceTree = "<group>"; };
		9F52C4071966583C00D57EB1 /* SpecificFiltersViewController.h */ = {isa = PBXFileReference; fileEncoding = 4; lastKnownFileType = sourcecode.c.h; path = SpecificFiltersViewController.h; sourceTree = "<group>"; };
		9F52C4081966583C00D57EB1 /* SpecificFiltersViewController.m */ = {isa = PBXFileReference; fileEncoding = 4; lastKnownFileType = sourcecode.c.objc; path = SpecificFiltersViewController.m; sourceTree = "<group>"; };
		9F52C4091966583C00D57EB1 /* SpecificFiltersViewController.xib */ = {isa = PBXFileReference; fileEncoding = 4; lastKnownFileType = file.xib; path = SpecificFiltersViewController.xib; sourceTree = "<group>"; };
		9F52C40A1966583C00D57EB1 /* FullMapViewController.h */ = {isa = PBXFileReference; fileEncoding = 4; lastKnownFileType = sourcecode.c.h; path = FullMapViewController.h; sourceTree = "<group>"; };
		9F52C40B1966583C00D57EB1 /* FullMapViewController.m */ = {isa = PBXFileReference; fileEncoding = 4; lastKnownFileType = sourcecode.c.objc; path = FullMapViewController.m; sourceTree = "<group>"; };
		9F52C40C1966583C00D57EB1 /* FullMapViewController.xib */ = {isa = PBXFileReference; fileEncoding = 4; lastKnownFileType = file.xib; path = FullMapViewController.xib; sourceTree = "<group>"; };
		9F78B11A197AF633006DCDB5 /* CoreLocation.framework */ = {isa = PBXFileReference; lastKnownFileType = wrapper.framework; name = CoreLocation.framework; path = System/Library/Frameworks/CoreLocation.framework; sourceTree = SDKROOT; };
		9F9F9AC3196A237500543D33 /* JMAnnotationCallout.h */ = {isa = PBXFileReference; fileEncoding = 4; lastKnownFileType = sourcecode.c.h; path = JMAnnotationCallout.h; sourceTree = "<group>"; };
		9F9F9AC4196A237500543D33 /* JMAnnotationCallout.m */ = {isa = PBXFileReference; fileEncoding = 4; lastKnownFileType = sourcecode.c.objc; path = JMAnnotationCallout.m; sourceTree = "<group>"; };
/* End PBXFileReference section */

/* Begin PBXFrameworksBuildPhase section */
		9F52C3C5196657F000D57EB1 /* Frameworks */ = {
			isa = PBXFrameworksBuildPhase;
			buildActionMask = 2147483647;
			files = (
				9F78B11B197AF633006DCDB5 /* CoreLocation.framework in Frameworks */,
				9F509067197AF57600F5D466 /* iAd.framework in Frameworks */,
				9F52C3CE196657F000D57EB1 /* CoreGraphics.framework in Frameworks */,
				9F509066197AF55E00F5D466 /* MapKit.framework in Frameworks */,
				9F52C3D0196657F000D57EB1 /* UIKit.framework in Frameworks */,
				9F52C3CC196657F000D57EB1 /* Foundation.framework in Frameworks */,
			);
			runOnlyForDeploymentPostprocessing = 0;
		};
		9F52C3E0196657F000D57EB1 /* Frameworks */ = {
			isa = PBXFrameworksBuildPhase;
			buildActionMask = 2147483647;
			files = (
				9F52C3E5196657F000D57EB1 /* XCTest.framework in Frameworks */,
				9F52C3E7196657F000D57EB1 /* UIKit.framework in Frameworks */,
				9F52C3E6196657F000D57EB1 /* Foundation.framework in Frameworks */,
			);
			runOnlyForDeploymentPostprocessing = 0;
		};
/* End PBXFrameworksBuildPhase section */

/* Begin PBXGroup section */
		9F52C3BF196657EF00D57EB1 = {
			isa = PBXGroup;
			children = (
				9F52C3D1196657F000D57EB1 /* Nearby */,
				9F52C3EA196657F000D57EB1 /* NearbyTests */,
				9F52C3CA196657F000D57EB1 /* Frameworks */,
				9F52C3C9196657F000D57EB1 /* Products */,
			);
			sourceTree = "<group>";
		};
		9F52C3C9196657F000D57EB1 /* Products */ = {
			isa = PBXGroup;
			children = (
				9F52C3C8196657F000D57EB1 /* Locales.app */,
				9F52C3E3196657F000D57EB1 /* LocalesTests.xctest */,
			);
			name = Products;
			sourceTree = "<group>";
		};
		9F52C3CA196657F000D57EB1 /* Frameworks */ = {
			isa = PBXGroup;
			children = (
				9F78B11A197AF633006DCDB5 /* CoreLocation.framework */,
				9F509065197AF55E00F5D466 /* MapKit.framework */,
				9F509063197AF4DD00F5D466 /* iAd.framework */,
				9F52C3CB196657F000D57EB1 /* Foundation.framework */,
				9F52C3CD196657F000D57EB1 /* CoreGraphics.framework */,
				9F52C3CF196657F000D57EB1 /* UIKit.framework */,
				9F52C3E4196657F000D57EB1 /* XCTest.framework */,
			);
			name = Frameworks;
			sourceTree = "<group>";
		};
		9F52C3D1196657F000D57EB1 /* Nearby */ = {
			isa = PBXGroup;
			children = (
				9F52C3FA1966583C00D57EB1 /* AppDelegate.h */,
				9F52C3FB1966583C00D57EB1 /* AppDelegate.m */,
				9F9F9AC3196A237500543D33 /* JMAnnotationCallout.h */,
				9F9F9AC4196A237500543D33 /* JMAnnotationCallout.m */,
				9F049936196E4C41003EBE8A /* JMCalloutButton.h */,
				9F049937196E4C41003EBE8A /* JMCalloutButton.m */,
				9F9F9ABF1969FDB600543D33 /* Data Presentation Views */,
				9F9F9AC11969FE0600543D33 /* Filters/Settings Views */,
				9F9F9AC01969FDE200543D33 /* Model */,
				9F52C3DD196657F000D57EB1 /* Images.xcassets */,
				9F52C3D2196657F000D57EB1 /* Supporting Files */,
			);
			path = Nearby;
			sourceTree = "<group>";
		};
		9F52C3D2196657F000D57EB1 /* Supporting Files */ = {
			isa = PBXGroup;
			children = (
				9F52C3D3196657F000D57EB1 /* Locales-Info.plist */,
				9F52C3D4196657F000D57EB1 /* InfoPlist.strings */,
				9F52C3D7196657F000D57EB1 /* main.m */,
				9F52C3D9196657F000D57EB1 /* Locales-Prefix.pch */,
			);
			name = "Supporting Files";
			sourceTree = "<group>";
		};
		9F52C3EA196657F000D57EB1 /* NearbyTests */ = {
			isa = PBXGroup;
			children = (
				9F52C3F0196657F000D57EB1 /* NearbyTests.m */,
				9F52C3EB196657F000D57EB1 /* Supporting Files */,
			);
			path = NearbyTests;
			sourceTree = "<group>";
		};
		9F52C3EB196657F000D57EB1 /* Supporting Files */ = {
			isa = PBXGroup;
			children = (
				9F52C3EC196657F000D57EB1 /* NearbyTests-Info.plist */,
				9F52C3ED196657F000D57EB1 /* InfoPlist.strings */,
			);
			name = "Supporting Files";
			sourceTree = "<group>";
		};
		9F9F9ABF1969FDB600543D33 /* Data Presentation Views */ = {
			isa = PBXGroup;
			children = (
				9F52C3FC1966583C00D57EB1 /* LocationsViewController.h */,
				9F52C3FD1966583C00D57EB1 /* LocationsViewController.m */,
				9F52C3FE1966583C00D57EB1 /* LocationsViewController.xib */,
				9F52C40A1966583C00D57EB1 /* FullMapViewController.h */,
				9F52C40B1966583C00D57EB1 /* FullMapViewController.m */,
				9F52C40C1966583C00D57EB1 /* FullMapViewController.xib */,
				9F52C4011966583C00D57EB1 /* DetailsViewController.h */,
				9F52C4021966583C00D57EB1 /* DetailsViewController.m */,
				9F52C4031966583C00D57EB1 /* DetailsViewController.xib */,
			);
			name = "Data Presentation Views";
			sourceTree = "<group>";
		};
		9F9F9AC01969FDE200543D33 /* Model */ = {
			isa = PBXGroup;
			children = (
				9F52C3FF1966583C00D57EB1 /* NearbyLocationObjects.h */,
				9F52C4001966583C00D57EB1 /* NearbyLocationObjects.m */,
			);
			name = Model;
			sourceTree = "<group>";
		};
		9F9F9AC11969FE0600543D33 /* Filters/Settings Views */ = {
			isa = PBXGroup;
			children = (
				9F52C4041966583C00D57EB1 /* SettingsViewController.h */,
				9F52C4051966583C00D57EB1 /* SettingsViewController.m */,
				9F52C4061966583C00D57EB1 /* SettingsViewController.xib */,
				9F52C4071966583C00D57EB1 /* SpecificFiltersViewController.h */,
				9F52C4081966583C00D57EB1 /* SpecificFiltersViewController.m */,
				9F52C4091966583C00D57EB1 /* SpecificFiltersViewController.xib */,
			);
			name = "Filters/Settings Views";
			sourceTree = "<group>";
		};
/* End PBXGroup section */

/* Begin PBXNativeTarget section */
		9F52C3C7196657F000D57EB1 /* Locales */ = {
			isa = PBXNativeTarget;
			buildConfigurationList = 9F52C3F4196657F000D57EB1 /* Build configuration list for PBXNativeTarget "Locales" */;
			buildPhases = (
				9F52C3C4196657F000D57EB1 /* Sources */,
				9F52C3C5196657F000D57EB1 /* Frameworks */,
				9F52C3C6196657F000D57EB1 /* Resources */,
			);
			buildRules = (
			);
			dependencies = (
			);
			name = Locales;
			productName = Nearby;
			productReference = 9F52C3C8196657F000D57EB1 /* Locales.app */;
			productType = "com.apple.product-type.application";
		};
		9F52C3E2196657F000D57EB1 /* LocalesTests */ = {
			isa = PBXNativeTarget;
			buildConfigurationList = 9F52C3F7196657F000D57EB1 /* Build configuration list for PBXNativeTarget "LocalesTests" */;
			buildPhases = (
				9F52C3DF196657F000D57EB1 /* Sources */,
				9F52C3E0196657F000D57EB1 /* Frameworks */,
				9F52C3E1196657F000D57EB1 /* Resources */,
			);
			buildRules = (
			);
			dependencies = (
				9F52C3E9196657F000D57EB1 /* PBXTargetDependency */,
			);
			name = LocalesTests;
			productName = NearbyTests;
			productReference = 9F52C3E3196657F000D57EB1 /* LocalesTests.xctest */;
			productType = "com.apple.product-type.bundle.unit-test";
		};
/* End PBXNativeTarget section */

/* Begin PBXProject section */
		9F52C3C0196657EF00D57EB1 /* Project object */ = {
			isa = PBXProject;
			attributes = {
				CLASSPREFIX = JM;
				LastUpgradeCheck = 0510;
				ORGANIZATIONNAME = "Jayant Madugula";
				TargetAttributes = {
					9F52C3C7196657F000D57EB1 = {
						DevelopmentTeam = EV4C3E9NMY;
						SystemCapabilities = {
							com.apple.iOS = {
								enabled = 1;
							};
						};
					};
					9F52C3E2196657F000D57EB1 = {
						TestTargetID = 9F52C3C7196657F000D57EB1;
					};
				};
			};
			buildConfigurationList = 9F52C3C3196657EF00D57EB1 /* Build configuration list for PBXProject "Locales" */;
			compatibilityVersion = "Xcode 3.2";
			developmentRegion = English;
			hasScannedForEncodings = 0;
			knownRegions = (
				en,
			);
			mainGroup = 9F52C3BF196657EF00D57EB1;
			productRefGroup = 9F52C3C9196657F000D57EB1 /* Products */;
			projectDirPath = "";
			projectRoot = "";
			targets = (
				9F52C3C7196657F000D57EB1 /* Locales */,
				9F52C3E2196657F000D57EB1 /* LocalesTests */,
			);
		};
/* End PBXProject section */

/* Begin PBXResourcesBuildPhase section */
		9F52C3C6196657F000D57EB1 /* Resources */ = {
			isa = PBXResourcesBuildPhase;
			buildActionMask = 2147483647;
			files = (
				9F52C4181966583C00D57EB1 /* FullMapViewController.xib in Resources */,
				9F52C40F1966583C00D57EB1 /* LocationsViewController.xib in Resources */,
				9F52C3D6196657F000D57EB1 /* InfoPlist.strings in Resources */,
				9F52C3DE196657F000D57EB1 /* Images.xcassets in Resources */,
				9F52C4121966583C00D57EB1 /* DetailsViewController.xib in Resources */,
				9F52C4161966583C00D57EB1 /* SpecificFiltersViewController.xib in Resources */,
				9F52C4141966583C00D57EB1 /* SettingsViewController.xib in Resources */,
			);
			runOnlyForDeploymentPostprocessing = 0;
		};
		9F52C3E1196657F000D57EB1 /* Resources */ = {
			isa = PBXResourcesBuildPhase;
			buildActionMask = 2147483647;
			files = (
				9F52C3EF196657F000D57EB1 /* InfoPlist.strings in Resources */,
			);
			runOnlyForDeploymentPostprocessing = 0;
		};
/* End PBXResourcesBuildPhase section */

/* Begin PBXSourcesBuildPhase section */
		9F52C3C4196657F000D57EB1 /* Sources */ = {
			isa = PBXSourcesBuildPhase;
			buildActionMask = 2147483647;
			files = (
				9F52C40D1966583C00D57EB1 /* AppDelegate.m in Sources */,
				9F52C4151966583C00D57EB1 /* SpecificFiltersViewController.m in Sources */,
				9F52C4171966583C00D57EB1 /* FullMapViewController.m in Sources */,
				9F52C4111966583C00D57EB1 /* DetailsViewController.m in Sources */,
				9F52C3D8196657F000D57EB1 /* main.m in Sources */,
				9F52C4131966583C00D57EB1 /* SettingsViewController.m in Sources */,
				9F9F9AC5196A237500543D33 /* JMAnnotationCallout.m in Sources */,
				9F049938196E4C41003EBE8A /* JMCalloutButton.m in Sources */,
				9F52C4101966583C00D57EB1 /* NearbyLocationObjects.m in Sources */,
				9F52C40E1966583C00D57EB1 /* LocationsViewController.m in Sources */,
			);
			runOnlyForDeploymentPostprocessing = 0;
		};
		9F52C3DF196657F000D57EB1 /* Sources */ = {
			isa = PBXSourcesBuildPhase;
			buildActionMask = 2147483647;
			files = (
				9F52C3F1196657F000D57EB1 /* NearbyTests.m in Sources */,
			);
			runOnlyForDeploymentPostprocessing = 0;
		};
/* End PBXSourcesBuildPhase section */

/* Begin PBXTargetDependency section */
		9F52C3E9196657F000D57EB1 /* PBXTargetDependency */ = {
			isa = PBXTargetDependency;
			target = 9F52C3C7196657F000D57EB1 /* Locales */;
			targetProxy = 9F52C3E8196657F000D57EB1 /* PBXContainerItemProxy */;
		};
/* End PBXTargetDependency section */

/* Begin PBXVariantGroup section */
		9F52C3D4196657F000D57EB1 /* InfoPlist.strings */ = {
			isa = PBXVariantGroup;
			children = (
				9F52C3D5196657F000D57EB1 /* en */,
			);
			name = InfoPlist.strings;
			sourceTree = "<group>";
		};
		9F52C3ED196657F000D57EB1 /* InfoPlist.strings */ = {
			isa = PBXVariantGroup;
			children = (
				9F52C3EE196657F000D57EB1 /* en */,
			);
			name = InfoPlist.strings;
			sourceTree = "<group>";
		};
/* End PBXVariantGroup section */

/* Begin XCBuildConfiguration section */
		9F52C3F2196657F000D57EB1 /* Debug */ = {
			isa = XCBuildConfiguration;
			buildSettings = {
				ALWAYS_SEARCH_USER_PATHS = NO;
				CLANG_CXX_LANGUAGE_STANDARD = "gnu++0x";
				CLANG_CXX_LIBRARY = "libc++";
				CLANG_ENABLE_MODULES = YES;
				CLANG_ENABLE_OBJC_ARC = YES;
				CLANG_WARN_BOOL_CONVERSION = YES;
				CLANG_WARN_CONSTANT_CONVERSION = YES;
				CLANG_WARN_DIRECT_OBJC_ISA_USAGE = YES_ERROR;
				CLANG_WARN_EMPTY_BODY = YES;
				CLANG_WARN_ENUM_CONVERSION = YES;
				CLANG_WARN_INT_CONVERSION = YES;
				CLANG_WARN_OBJC_ROOT_CLASS = YES_ERROR;
				CLANG_WARN__DUPLICATE_METHOD_MATCH = YES;
				"CODE_SIGN_IDENTITY[sdk=iphoneos*]" = "iPhone Developer";
				COPY_PHASE_STRIP = NO;
				GCC_C_LANGUAGE_STANDARD = gnu99;
				GCC_DYNAMIC_NO_PIC = NO;
				GCC_OPTIMIZATION_LEVEL = 0;
				GCC_PREPROCESSOR_DEFINITIONS = (
					"DEBUG=1",
					"$(inherited)",
				);
				GCC_SYMBOLS_PRIVATE_EXTERN = NO;
				GCC_WARN_64_TO_32_BIT_CONVERSION = YES;
				GCC_WARN_ABOUT_RETURN_TYPE = YES_ERROR;
				GCC_WARN_UNDECLARED_SELECTOR = YES;
				GCC_WARN_UNINITIALIZED_AUTOS = YES_AGGRESSIVE;
				GCC_WARN_UNUSED_FUNCTION = YES;
				GCC_WARN_UNUSED_VARIABLE = YES;
				IPHONEOS_DEPLOYMENT_TARGET = 7.1;
				ONLY_ACTIVE_ARCH = YES;
				SDKROOT = iphoneos;
			};
			name = Debug;
		};
		9F52C3F3196657F000D57EB1 /* Release */ = {
			isa = XCBuildConfiguration;
			buildSettings = {
				ALWAYS_SEARCH_USER_PATHS = NO;
				CLANG_CXX_LANGUAGE_STANDARD = "gnu++0x";
				CLANG_CXX_LIBRARY = "libc++";
				CLANG_ENABLE_MODULES = YES;
				CLANG_ENABLE_OBJC_ARC = YES;
				CLANG_WARN_BOOL_CONVERSION = YES;
				CLANG_WARN_CONSTANT_CONVERSION = YES;
				CLANG_WARN_DIRECT_OBJC_ISA_USAGE = YES_ERROR;
				CLANG_WARN_EMPTY_BODY = YES;
				CLANG_WARN_ENUM_CONVERSION = YES;
				CLANG_WARN_INT_CONVERSION = YES;
				CLANG_WARN_OBJC_ROOT_CLASS = YES_ERROR;
				CLANG_WARN__DUPLICATE_METHOD_MATCH = YES;
				"CODE_SIGN_IDENTITY[sdk=iphoneos*]" = "iPhone Developer";
				COPY_PHASE_STRIP = YES;
				ENABLE_NS_ASSERTIONS = NO;
				GCC_C_LANGUAGE_STANDARD = gnu99;
				GCC_WARN_64_TO_32_BIT_CONVERSION = YES;
				GCC_WARN_ABOUT_RETURN_TYPE = YES_ERROR;
				GCC_WARN_UNDECLARED_SELECTOR = YES;
				GCC_WARN_UNINITIALIZED_AUTOS = YES_AGGRESSIVE;
				GCC_WARN_UNUSED_FUNCTION = YES;
				GCC_WARN_UNUSED_VARIABLE = YES;
				IPHONEOS_DEPLOYMENT_TARGET = 7.1;
				SDKROOT = iphoneos;
				VALIDATE_PRODUCT = YES;
			};
			name = Release;
		};
		9F52C3F5196657F000D57EB1 /* Debug */ = {
			isa = XCBuildConfiguration;
			buildSettings = {
				ASSETCATALOG_COMPILER_APPICON_NAME = AppIcon;
				ASSETCATALOG_COMPILER_LAUNCHIMAGE_NAME = LaunchImage;
				CODE_SIGN_IDENTITY = "iPhone Developer";
				GCC_PRECOMPILE_PREFIX_HEADER = YES;
				GCC_PREFIX_HEADER = "Nearby/Locales-Prefix.pch";
				INFOPLIST_FILE = "Nearby/Locales-Info.plist";
				IPHONEOS_DEPLOYMENT_TARGET = 7.1;
				PRODUCT_NAME = Locales;
				WRAPPER_EXTENSION = app;
			};
			name = Debug;
		};
		9F52C3F6196657F000D57EB1 /* Release */ = {
			isa = XCBuildConfiguration;
			buildSettings = {
				ASSETCATALOG_COMPILER_APPICON_NAME = AppIcon;
				ASSETCATALOG_COMPILER_LAUNCHIMAGE_NAME = LaunchImage;
				CODE_SIGN_IDENTITY = "iPhone Developer";
				GCC_PRECOMPILE_PREFIX_HEADER = YES;
				GCC_PREFIX_HEADER = "Nearby/Locales-Prefix.pch";
				INFOPLIST_FILE = "Nearby/Locales-Info.plist";
				IPHONEOS_DEPLOYMENT_TARGET = 7.1;
				PRODUCT_NAME = Locales;
				WRAPPER_EXTENSION = app;
			};
			name = Release;
		};
		9F52C3F8196657F000D57EB1 /* Debug */ = {
			isa = XCBuildConfiguration;
			buildSettings = {
				BUNDLE_LOADER = "$(BUILT_PRODUCTS_DIR)/Nearby.app/Nearby";
				FRAMEWORK_SEARCH_PATHS = (
					"$(SDKROOT)/Developer/Library/Frameworks",
					"$(inherited)",
					"$(DEVELOPER_FRAMEWORKS_DIR)",
				);
				GCC_PRECOMPILE_PREFIX_HEADER = YES;
				GCC_PREFIX_HEADER = "Nearby/Nearby-Prefix.pch";
				GCC_PREPROCESSOR_DEFINITIONS = (
					"DEBUG=1",
					"$(inherited)",
				);
				INFOPLIST_FILE = "NearbyTests/NearbyTests-Info.plist";
				PRODUCT_NAME = LocalesTests;
				TEST_HOST = "$(BUNDLE_LOADER)";
				WRAPPER_EXTENSION = xctest;
			};
			name = Debug;
		};
		9F52C3F9196657F000D57EB1 /* Release */ = {
			isa = XCBuildConfiguration;
			buildSettings = {
				BUNDLE_LOADER = "$(BUILT_PRODUCTS_DIR)/Nearby.app/Nearby";
				FRAMEWORK_SEARCH_PATHS = (
					"$(SDKROOT)/Developer/Library/Frameworks",
					"$(inherited)",
					"$(DEVELOPER_FRAMEWORKS_DIR)",
				);
				GCC_PRECOMPILE_PREFIX_HEADER = YES;
				GCC_PREFIX_HEADER = "Nearby/Nearby-Prefix.pch";
				INFOPLIST_FILE = "NearbyTests/NearbyTests-Info.plist";
				PRODUCT_NAME = LocalesTests;
				TEST_HOST = "$(BUNDLE_LOADER)";
				WRAPPER_EXTENSION = xctest;
			};
			name = Release;
		};
/* End XCBuildConfiguration section */

/* Begin XCConfigurationList section */
		9F52C3C3196657EF00D57EB1 /* Build configuration list for PBXProject "Locales" */ = {
			isa = XCConfigurationList;
			buildConfigurations = (
				9F52C3F2196657F000D57EB1 /* Debug */,
				9F52C3F3196657F000D57EB1 /* Release */,
			);
			defaultConfigurationIsVisible = 0;
			defaultConfigurationName = Release;
		};
		9F52C3F4196657F000D57EB1 /* Build configuration list for PBXNativeTarget "Locales" */ = {
			isa = XCConfigurationList;
			buildConfigurations = (
				9F52C3F5196657F000D57EB1 /* Debug */,
				9F52C3F6196657F000D57EB1 /* Release */,
			);
			defaultConfigurationIsVisible = 0;
			defaultConfigurationName = Release;
		};
		9F52C3F7196657F000D57EB1 /* Build configuration list for PBXNativeTarget "LocalesTests" */ = {
			isa = XCConfigurationList;
			buildConfigurations = (
				9F52C3F8196657F000D57EB1 /* Debug */,
				9F52C3F9196657F000D57EB1 /* Release */,
			);
			defaultConfigurationIsVisible = 0;
			defaultConfigurationName = Release;
		};
/* End XCConfigurationList section */
	};
	rootObject = 9F52C3C0196657EF00D57EB1 /* Project object */;
}
